
Microsoft Visual Studio Solution File, Format Version 12.00
# Visual Studio Version 16
VisualStudioVersion = 16.0.30413.136
MinimumVisualStudioVersion = 10.0.40219.1
Project("{9A19103F-16F7-4668-BE54-9A1E7A4F7556}") = "DapperAndSwagger", "UOWRepository\DapperAndSwagger.csproj", "{EBEC3017-AEDB-4D78-B817-C5F18730FCE7}"
EndProject
Global
	GlobalSection(SolutionConfigurationPlatforms) = preSolution
		Debug|Any CPU = Debug|Any CPU
		Release|Any CPU = Release|Any CPU
	EndGlobalSection
	GlobalSection(ProjectConfigurationPlatforms) = postSolution
		{EBEC3017-AEDB-4D78-B817-C5F18730FCE7}.Debug|Any CPU.ActiveCfg = Debug|Any CPU
		{EBEC3017-AEDB-4D78-B817-C5F18730FCE7}.Debug|Any CPU.Build.0 = Debug|Any CPU
		{EBEC3017-AEDB-4D78-B817-C5F18730FCE7}.Release|Any CPU.ActiveCfg = Release|Any CPU
		{EBEC3017-AEDB-4D78-B817-C5F18730FCE7}.Release|Any CPU.Build.0 = Release|Any CPU
	EndGlobalSection
	GlobalSection(SolutionProperties) = preSolution
		HideSolutionNode = FALSE
	EndGlobalSection
	GlobalSection(ExtensibilityGlobals) = postSolution
		SolutionGuid = {6E4312A7-4E57-4D63-8123-08CB2577400B}
	EndGlobalSection
EndGlobal
